
Microsoft Visual Studio Solution File, Format Version 12.00
# Visual Studio Version 16
VisualStudioVersion = 16.0.30330.147
MinimumVisualStudioVersion = 10.0.40219.1
Project("{FAE04EC0-301F-11D3-BF4B-00C04F79EFBC}") = "01_Intro", "01_Intro\01_Intro.csproj", "{EB7F5CF8-A901-4123-802A-44FC31A60A4C}"
EndProject
Project("{FAE04EC0-301F-11D3-BF4B-00C04F79EFBC}") = "Hello", "Hello\Hello.csproj", "{084C0592-8355-4F38-92AC-01AF9CC1743B}"
EndProject
Project("{FAE04EC0-301F-11D3-BF4B-00C04F79EFBC}") = "02_Dynamic_var", "02_Dynamic_var\02_Dynamic_var.csproj", "{5AB0BE26-6DE7-46CD-9AAD-2A414F16C9B6}"
EndProject
Project("{FAE04EC0-301F-11D3-BF4B-00C04F79EFBC}") = "MathLibrary", "MathLibrary\MathLibrary.csproj", "{55E0EF1A-DC7C-43F9-8104-7D865C10DB90}"
EndProject
Project("{FAE04EC0-301F-11D3-BF4B-00C04F79EFBC}") = "03_Assemblies", "03_Assemblies\03_Assemblies.csproj", "{A2ACF659-B1C1-4D31-924E-3C35F8127E6F}"
EndProject
Project("{2150E333-8FDC-42A3-9474-1A3956D46DE8}") = "Threads", "Threads", "{704F2FDF-46C2-457D-93ED-FB32C3D5BF81}"
EndProject
Project("{FAE04EC0-301F-11D3-BF4B-00C04F79EFBC}") = "04_ThreadTimer", "04_ThreadTimer\04_ThreadTimer.csproj", "{64F330B9-6F70-4F9F-A215-264478B3D14D}"
EndProject
Project("{FAE04EC0-301F-11D3-BF4B-00C04F79EFBC}") = "05_ThreadWithoutParameters", "05_ThreadWithoutParameters\05_ThreadWithoutParameters.csproj", "{816934E6-4DA9-424C-AFFC-98CD2B7BD0FC}"
EndProject
Project("{FAE04EC0-301F-11D3-BF4B-00C04F79EFBC}") = "06_threadParametrized", "06_threadParametrized\06_threadParametrized.csproj", "{81D41B87-A1E4-4AAD-8AB4-1731AB964332}"
EndProject
Project("{FAE04EC0-301F-11D3-BF4B-00C04F79EFBC}") = "07_ThreadPause", "07_ThreadPause\07_ThreadPause.csproj", "{7023D30C-F35A-4343-B92F-7629C6A54EAC}"
EndProject
Project("{FAE04EC0-301F-11D3-BF4B-00C04F79EFBC}") = "08_Join", "08_Join\08_Join.csproj", "{F22D7FAF-3B97-4374-8370-549EB5434E9E}"
EndProject
Project("{FAE04EC0-301F-11D3-BF4B-00C04F79EFBC}") = "09_TheadPool", "09_TheadPool\09_TheadPool.csproj", "{B9C75AB4-AAFC-4384-B8FD-105A6A82908F}"
EndProject
Project("{2150E333-8FDC-42A3-9474-1A3956D46DE8}") = "Sync", "Sync", "{74061375-19A1-48E3-BEE0-61A57FA91A00}"
EndProject
Project("{FAE04EC0-301F-11D3-BF4B-00C04F79EFBC}") = "17_Sync_Interlocked", "D:\Ado.Net\01_Intro\17_Sync_Interlocked\17_Sync_Interlocked.csproj", "{25D18E0F-E5D9-4E6A-896B-718CBDF5C986}"
EndProject
Project("{FAE04EC0-301F-11D3-BF4B-00C04F79EFBC}") = "18_Sync_Monitor", "D:\Ado.Net\01_Intro\18_Sync_Monitor\18_Sync_Monitor.csproj", "{F6D91863-DD94-4343-887B-4E12F4DAD426}"
EndProject
Project("{FAE04EC0-301F-11D3-BF4B-00C04F79EFBC}") = "10_Interlocked", "10_Interlocked\10_Interlocked.csproj", "{603AE55F-66C9-4785-9962-53A978DE37BD}"
EndProject
Project("{FAE04EC0-301F-11D3-BF4B-00C04F79EFBC}") = "11_Monitor", "11_Monitor\11_Monitor.csproj", "{F5191C14-BA46-44F7-A20B-C392A6EC6FA4}"
EndProject
Global
	GlobalSection(SolutionConfigurationPlatforms) = preSolution
		Debug|Any CPU = Debug|Any CPU
		Release|Any CPU = Release|Any CPU
	EndGlobalSection
	GlobalSection(ProjectConfigurationPlatforms) = postSolution
		{EB7F5CF8-A901-4123-802A-44FC31A60A4C}.Debug|Any CPU.ActiveCfg = Debug|Any CPU
		{EB7F5CF8-A901-4123-802A-44FC31A60A4C}.Debug|Any CPU.Build.0 = Debug|Any CPU
		{EB7F5CF8-A901-4123-802A-44FC31A60A4C}.Release|Any CPU.ActiveCfg = Release|Any CPU
		{EB7F5CF8-A901-4123-802A-44FC31A60A4C}.Release|Any CPU.Build.0 = Release|Any CPU
		{084C0592-8355-4F38-92AC-01AF9CC1743B}.Debug|Any CPU.ActiveCfg = Debug|Any CPU
		{084C0592-8355-4F38-92AC-01AF9CC1743B}.Debug|Any CPU.Build.0 = Debug|Any CPU
		{084C0592-8355-4F38-92AC-01AF9CC1743B}.Release|Any CPU.ActiveCfg = Release|Any CPU
		{084C0592-8355-4F38-92AC-01AF9CC1743B}.Release|Any CPU.Build.0 = Release|Any CPU
		{5AB0BE26-6DE7-46CD-9AAD-2A414F16C9B6}.Debug|Any CPU.ActiveCfg = Debug|Any CPU
		{5AB0BE26-6DE7-46CD-9AAD-2A414F16C9B6}.Debug|Any CPU.Build.0 = Debug|Any CPU
		{5AB0BE26-6DE7-46CD-9AAD-2A414F16C9B6}.Release|Any CPU.ActiveCfg = Release|Any CPU
		{5AB0BE26-6DE7-46CD-9AAD-2A414F16C9B6}.Release|Any CPU.Build.0 = Release|Any CPU
		{55E0EF1A-DC7C-43F9-8104-7D865C10DB90}.Debug|Any CPU.ActiveCfg = Debug|Any CPU
		{55E0EF1A-DC7C-43F9-8104-7D865C10DB90}.Debug|Any CPU.Build.0 = Debug|Any CPU
		{55E0EF1A-DC7C-43F9-8104-7D865C10DB90}.Release|Any CPU.ActiveCfg = Release|Any CPU
		{55E0EF1A-DC7C-43F9-8104-7D865C10DB90}.Release|Any CPU.Build.0 = Release|Any CPU
		{A2ACF659-B1C1-4D31-924E-3C35F8127E6F}.Debug|Any CPU.ActiveCfg = Debug|Any CPU
		{A2ACF659-B1C1-4D31-924E-3C35F8127E6F}.Debug|Any CPU.Build.0 = Debug|Any CPU
		{A2ACF659-B1C1-4D31-924E-3C35F8127E6F}.Release|Any CPU.ActiveCfg = Release|Any CPU
		{A2ACF659-B1C1-4D31-924E-3C35F8127E6F}.Release|Any CPU.Build.0 = Release|Any CPU
		{64F330B9-6F70-4F9F-A215-264478B3D14D}.Debug|Any CPU.ActiveCfg = Debug|Any CPU
		{64F330B9-6F70-4F9F-A215-264478B3D14D}.Debug|Any CPU.Build.0 = Debug|Any CPU
		{64F330B9-6F70-4F9F-A215-264478B3D14D}.Release|Any CPU.ActiveCfg = Release|Any CPU
		{64F330B9-6F70-4F9F-A215-264478B3D14D}.Release|Any CPU.Build.0 = Release|Any CPU
		{816934E6-4DA9-424C-AFFC-98CD2B7BD0FC}.Debug|Any CPU.ActiveCfg = Debug|Any CPU
		{816934E6-4DA9-424C-AFFC-98CD2B7BD0FC}.Debug|Any CPU.Build.0 = Debug|Any CPU
		{816934E6-4DA9-424C-AFFC-98CD2B7BD0FC}.Release|Any CPU.ActiveCfg = Release|Any CPU
		{816934E6-4DA9-424C-AFFC-98CD2B7BD0FC}.Release|Any CPU.Build.0 = Release|Any CPU
		{81D41B87-A1E4-4AAD-8AB4-1731AB964332}.Debug|Any CPU.ActiveCfg = Debug|Any CPU
		{81D41B87-A1E4-4AAD-8AB4-1731AB964332}.Debug|Any CPU.Build.0 = Debug|Any CPU
		{81D41B87-A1E4-4AAD-8AB4-1731AB964332}.Release|Any CPU.ActiveCfg = Release|Any CPU
		{81D41B87-A1E4-4AAD-8AB4-1731AB964332}.Release|Any CPU.Build.0 = Release|Any CPU
		{7023D30C-F35A-4343-B92F-7629C6A54EAC}.Debug|Any CPU.ActiveCfg = Debug|Any CPU
		{7023D30C-F35A-4343-B92F-7629C6A54EAC}.Debug|Any CPU.Build.0 = Debug|Any CPU
		{7023D30C-F35A-4343-B92F-7629C6A54EAC}.Release|Any CPU.ActiveCfg = Release|Any CPU
		{7023D30C-F35A-4343-B92F-7629C6A54EAC}.Release|Any CPU.Build.0 = Release|Any CPU
		{F22D7FAF-3B97-4374-8370-549EB5434E9E}.Debug|Any CPU.ActiveCfg = Debug|Any CPU
		{F22D7FAF-3B97-4374-8370-549EB5434E9E}.Debug|Any CPU.Build.0 = Debug|Any CPU
		{F22D7FAF-3B97-4374-8370-549EB5434E9E}.Release|Any CPU.ActiveCfg = Release|Any CPU
		{F22D7FAF-3B97-4374-8370-549EB5434E9E}.Release|Any CPU.Build.0 = Release|Any CPU
		{B9C75AB4-AAFC-4384-B8FD-105A6A82908F}.Debug|Any CPU.ActiveCfg = Debug|Any CPU
		{B9C75AB4-AAFC-4384-B8FD-105A6A82908F}.Debug|Any CPU.Build.0 = Debug|Any CPU
		{B9C75AB4-AAFC-4384-B8FD-105A6A82908F}.Release|Any CPU.ActiveCfg = Release|Any CPU
		{B9C75AB4-AAFC-4384-B8FD-105A6A82908F}.Release|Any CPU.Build.0 = Release|Any CPU
		{25D18E0F-E5D9-4E6A-896B-718CBDF5C986}.Debug|Any CPU.ActiveCfg = Debug|Any CPU
		{25D18E0F-E5D9-4E6A-896B-718CBDF5C986}.Debug|Any CPU.Build.0 = Debug|Any CPU
		{25D18E0F-E5D9-4E6A-896B-718CBDF5C986}.Release|Any CPU.ActiveCfg = Release|Any CPU
		{25D18E0F-E5D9-4E6A-896B-718CBDF5C986}.Release|Any CPU.Build.0 = Release|Any CPU
		{F6D91863-DD94-4343-887B-4E12F4DAD426}.Debug|Any CPU.ActiveCfg = Debug|Any CPU
		{F6D91863-DD94-4343-887B-4E12F4DAD426}.Debug|Any CPU.Build.0 = Debug|Any CPU
		{F6D91863-DD94-4343-887B-4E12F4DAD426}.Release|Any CPU.ActiveCfg = Release|Any CPU
		{F6D91863-DD94-4343-887B-4E12F4DAD426}.Release|Any CPU.Build.0 = Release|Any CPU
		{603AE55F-66C9-4785-9962-53A978DE37BD}.Debug|Any CPU.ActiveCfg = Debug|Any CPU
		{603AE55F-66C9-4785-9962-53A978DE37BD}.Debug|Any CPU.Build.0 = Debug|Any CPU
		{603AE55F-66C9-4785-9962-53A978DE37BD}.Release|Any CPU.ActiveCfg = Release|Any CPU
		{603AE55F-66C9-4785-9962-53A978DE37BD}.Release|Any CPU.Build.0 = Release|Any CPU
		{F5191C14-BA46-44F7-A20B-C392A6EC6FA4}.Debug|Any CPU.ActiveCfg = Debug|Any CPU
		{F5191C14-BA46-44F7-A20B-C392A6EC6FA4}.Debug|Any CPU.Build.0 = Debug|Any CPU
		{F5191C14-BA46-44F7-A20B-C392A6EC6FA4}.Release|Any CPU.ActiveCfg = Release|Any CPU
		{F5191C14-BA46-44F7-A20B-C392A6EC6FA4}.Release|Any CPU.Build.0 = Release|Any CPU
	EndGlobalSection
	GlobalSection(SolutionProperties) = preSolution
		HideSolutionNode = FALSE
	EndGlobalSection
	GlobalSection(NestedProjects) = preSolution
		{64F330B9-6F70-4F9F-A215-264478B3D14D} = {704F2FDF-46C2-457D-93ED-FB32C3D5BF81}
		{816934E6-4DA9-424C-AFFC-98CD2B7BD0FC} = {704F2FDF-46C2-457D-93ED-FB32C3D5BF81}
		{81D41B87-A1E4-4AAD-8AB4-1731AB964332} = {704F2FDF-46C2-457D-93ED-FB32C3D5BF81}
		{7023D30C-F35A-4343-B92F-7629C6A54EAC} = {704F2FDF-46C2-457D-93ED-FB32C3D5BF81}
		{F22D7FAF-3B97-4374-8370-549EB5434E9E} = {704F2FDF-46C2-457D-93ED-FB32C3D5BF81}
		{25D18E0F-E5D9-4E6A-896B-718CBDF5C986} = {74061375-19A1-48E3-BEE0-61A57FA91A00}
		{F6D91863-DD94-4343-887B-4E12F4DAD426} = {74061375-19A1-48E3-BEE0-61A57FA91A00}
		{603AE55F-66C9-4785-9962-53A978DE37BD} = {74061375-19A1-48E3-BEE0-61A57FA91A00}
		{F5191C14-BA46-44F7-A20B-C392A6EC6FA4} = {74061375-19A1-48E3-BEE0-61A57FA91A00}
	EndGlobalSection
	GlobalSection(ExtensibilityGlobals) = postSolution
		SolutionGuid = {A908FC60-9B82-4F93-A0B0-37EE617964C8}
	EndGlobalSection
EndGlobal
